
Microsoft Visual Studio Solution File, Format Version 12.00
# Visual Studio Version 16
VisualStudioVersion = 16.0.30114.105
MinimumVisualStudioVersion = 10.0.40219.1
Project("{9A19103F-16F7-4668-BE54-9A1E7A4F7556}") = "KITAB.GraphQL.ConsoleApp", "KITAB.GraphQL.ConsoleApp\KITAB.GraphQL.ConsoleApp.csproj", "{137D78B6-B101-45E9-A70F-BE7392EE833B}"
EndProject
Global
	GlobalSection(SolutionConfigurationPlatforms) = preSolution
		Debug|Any CPU = Debug|Any CPU
		Debug|x64 = Debug|x64
		Debug|x86 = Debug|x86
		Release|Any CPU = Release|Any CPU
		Release|x64 = Release|x64
		Release|x86 = Release|x86
	EndGlobalSection
	GlobalSection(ProjectConfigurationPlatforms) = postSolution
		{137D78B6-B101-45E9-A70F-BE7392EE833B}.Debug|Any CPU.ActiveCfg = Debug|Any CPU
		{137D78B6-B101-45E9-A70F-BE7392EE833B}.Debug|Any CPU.Build.0 = Debug|Any CPU
		{137D78B6-B101-45E9-A70F-BE7392EE833B}.Debug|x64.ActiveCfg = Debug|Any CPU
		{137D78B6-B101-45E9-A70F-BE7392EE833B}.Debug|x64.Build.0 = Debug|Any CPU
		{137D78B6-B101-45E9-A70F-BE7392EE833B}.Debug|x86.ActiveCfg = Debug|Any CPU
		{137D78B6-B101-45E9-A70F-BE7392EE833B}.Debug|x86.Build.0 = Debug|Any CPU
		{137D78B6-B101-45E9-A70F-BE7392EE833B}.Release|Any CPU.ActiveCfg = Release|Any CPU
		{137D78B6-B101-45E9-A70F-BE7392EE833B}.Release|Any CPU.Build.0 = Release|Any CPU
		{137D78B6-B101-45E9-A70F-BE7392EE833B}.Release|x64.ActiveCfg = Release|Any CPU
		{137D78B6-B101-45E9-A70F-BE7392EE833B}.Release|x64.Build.0 = Release|Any CPU
		{137D78B6-B101-45E9-A70F-BE7392EE833B}.Release|x86.ActiveCfg = Release|Any CPU
		{137D78B6-B101-45E9-A70F-BE7392EE833B}.Release|x86.Build.0 = Release|Any CPU
	EndGlobalSection
	GlobalSection(SolutionProperties) = preSolution
		HideSolutionNode = FALSE
	EndGlobalSection
	GlobalSection(ExtensibilityGlobals) = postSolution
		SolutionGuid = {F68C1389-AE6C-4CA1-B42F-BB77835D2327}
	EndGlobalSection
EndGlobal
